
Microsoft Visual Studio Solution File, Format Version 12.00
# Visual Studio 15
VisualStudioVersion = 15.0.27428.2015
MinimumVisualStudioVersion = 10.0.40219.1
Project("{FAE04EC0-301F-11D3-BF4B-00C04F79EFBC}") = "Orbit", "src\Orbit\Orbit.csproj", "{B97EFBB8-7A7A-4518-851A-CAA759835E06}"
EndProject
Project("{FAE04EC0-301F-11D3-BF4B-00C04F79EFBC}") = "Shinobytes.Orbit.Server", "src\Shinobytes.Orbit.Server\Shinobytes.Orbit.Server.csproj", "{F5C231FD-7E18-4002-9EF3-28EC183363C2}"
EndProject
Global
	GlobalSection(SolutionConfigurationPlatforms) = preSolution
		Debug|Any CPU = Debug|Any CPU
		Release|Any CPU = Release|Any CPU
	EndGlobalSection
	GlobalSection(ProjectConfigurationPlatforms) = postSolution
		{B97EFBB8-7A7A-4518-851A-CAA759835E06}.Debug|Any CPU.ActiveCfg = Debug|Any CPU
		{B97EFBB8-7A7A-4518-851A-CAA759835E06}.Debug|Any CPU.Build.0 = Debug|Any CPU
		{B97EFBB8-7A7A-4518-851A-CAA759835E06}.Release|Any CPU.ActiveCfg = Release|Any CPU
		{B97EFBB8-7A7A-4518-851A-CAA759835E06}.Release|Any CPU.Build.0 = Release|Any CPU
		{F5C231FD-7E18-4002-9EF3-28EC183363C2}.Debug|Any CPU.ActiveCfg = Debug|Any CPU
		{F5C231FD-7E18-4002-9EF3-28EC183363C2}.Debug|Any CPU.Build.0 = Debug|Any CPU
		{F5C231FD-7E18-4002-9EF3-28EC183363C2}.Release|Any CPU.ActiveCfg = Release|Any CPU
		{F5C231FD-7E18-4002-9EF3-28EC183363C2}.Release|Any CPU.Build.0 = Release|Any CPU
	EndGlobalSection
	GlobalSection(SolutionProperties) = preSolution
		HideSolutionNode = FALSE
	EndGlobalSection
	GlobalSection(ExtensibilityGlobals) = postSolution
		SolutionGuid = {F16F8A29-2563-4F2F-A49B-8A2F648365F1}
	EndGlobalSection
EndGlobal
